
Microsoft Visual Studio Solution File, Format Version 12.00
# Visual Studio Version 17
VisualStudioVersion = 17.3.32901.215
MinimumVisualStudioVersion = 10.0.40219.1
Project("{FAE04EC0-301F-11D3-BF4B-00C04F79EFBC}") = "ornek4", "ornek4\ornek4.csproj", "{978D46C1-87AE-48ED-A2FE-E313953B22BA}"
EndProject
Global
	GlobalSection(SolutionConfigurationPlatforms) = preSolution
		Debug|Any CPU = Debug|Any CPU
		Release|Any CPU = Release|Any CPU
	EndGlobalSection
	GlobalSection(ProjectConfigurationPlatforms) = postSolution
		{978D46C1-87AE-48ED-A2FE-E313953B22BA}.Debug|Any CPU.ActiveCfg = Debug|Any CPU
		{978D46C1-87AE-48ED-A2FE-E313953B22BA}.Debug|Any CPU.Build.0 = Debug|Any CPU
		{978D46C1-87AE-48ED-A2FE-E313953B22BA}.Release|Any CPU.ActiveCfg = Release|Any CPU
		{978D46C1-87AE-48ED-A2FE-E313953B22BA}.Release|Any CPU.Build.0 = Release|Any CPU
	EndGlobalSection
	GlobalSection(SolutionProperties) = preSolution
		HideSolutionNode = FALSE
	EndGlobalSection
	GlobalSection(ExtensibilityGlobals) = postSolution
		SolutionGuid = {D91B5672-6EBC-42C4-853C-1530FAE0D398}
	EndGlobalSection
EndGlobal
